
Microsoft Visual Studio Solution File, Format Version 12.00
# Visual Studio Version 17
VisualStudioVersion = 17.14.36310.24
MinimumVisualStudioVersion = 10.0.40219.1
Project("{2150E333-8FDC-42A3-9474-1A3956D46DE8}") = "src", "src", "{02EA681E-C7D8-13C7-8484-4AC65E1B71E8}"
EndProject
Project("{2150E333-8FDC-42A3-9474-1A3956D46DE8}") = "test", "test", "{78F3EA6F-BDAC-43D0-910E-C7AC2E1EDACD}"
EndProject
Project("{2150E333-8FDC-42A3-9474-1A3956D46DE8}") = "API", "API", "{9810220E-7844-4A0E-8516-1A9227301B88}"
EndProject
Project("{2150E333-8FDC-42A3-9474-1A3956D46DE8}") = "Core", "Core", "{35C26648-C89C-4D1B-943F-12E79AC29ED0}"
EndProject
Project("{2150E333-8FDC-42A3-9474-1A3956D46DE8}") = "Infrastructure", "Infrastructure", "{6A42218D-F659-4ED1-A8F5-0318879E33F9}"
EndProject
Project("{2150E333-8FDC-42A3-9474-1A3956D46DE8}") = "UI", "UI", "{E3137FAA-29F7-43C0-AAF8-65D73FCCE92A}"
EndProject
Project("{FAE04EC0-301F-11D3-BF4B-00C04F79EFBC}") = "GymGo.Domain", "GymGo.Domain\GymGo.Domain.csproj", "{DB5829BD-AA2E-4FA0-B5D3-30CA76CD9B1E}"
EndProject
Project("{FAE04EC0-301F-11D3-BF4B-00C04F79EFBC}") = "GymGo.Application", "GymGo.Application\GymGo.Application.csproj", "{72AD3ABE-B904-48AF-BD5D-C8171E096F71}"
EndProject
Project("{FAE04EC0-301F-11D3-BF4B-00C04F79EFBC}") = "GymGo.Persistence", "GymGo.Persistence\GymGo.Persistence.csproj", "{3E116FA6-7431-44AF-8BEC-C7B355401C47}"
EndProject
Project("{FAE04EC0-301F-11D3-BF4B-00C04F79EFBC}") = "GymGo.Api", "GymGo.Api\GymGo.Api.csproj", "{F1C7B00F-37C7-4ACF-8E82-338531458FD5}"
EndProject
Project("{FAE04EC0-301F-11D3-BF4B-00C04F79EFBC}") = "GymGo.Infrastructure", "GymGo.Infrastructure\GymGo.Infrastructure.csproj", "{7B80B757-4AE9-42A3-B7AA-0F79A607568B}"
EndProject
Project("{2150E333-8FDC-42A3-9474-1A3956D46DE8}") = "Shared", "Shared", "{4A6FC3D7-669A-4B2F-8719-C3E169A6B6E3}"
EndProject
Project("{FAE04EC0-301F-11D3-BF4B-00C04F79EFBC}") = "Toolkit", "Toolkit\Toolkit.csproj", "{3E3C13BF-9245-48BA-BA26-3DACB3C161D1}"
EndProject
Project("{FAE04EC0-301F-11D3-BF4B-00C04F79EFBC}") = "GymGo.Identity", "GymGo.Identity\GymGo.Identity.csproj", "{6CD825AD-6A1A-4D36-9DB0-D78690295DBB}"
EndProject
Project("{FAE04EC0-301F-11D3-BF4B-00C04F79EFBC}") = "GymGo.Shared", "GymGo.Shared\GymGo.Shared.csproj", "{387B6100-20B9-47C8-B46C-DFDBB0164941}"
EndProject
Global
	GlobalSection(SolutionConfigurationPlatforms) = preSolution
		Debug|Any CPU = Debug|Any CPU
		Release|Any CPU = Release|Any CPU
	EndGlobalSection
	GlobalSection(ProjectConfigurationPlatforms) = postSolution
		{DB5829BD-AA2E-4FA0-B5D3-30CA76CD9B1E}.Debug|Any CPU.ActiveCfg = Debug|Any CPU
		{DB5829BD-AA2E-4FA0-B5D3-30CA76CD9B1E}.Debug|Any CPU.Build.0 = Debug|Any CPU
		{DB5829BD-AA2E-4FA0-B5D3-30CA76CD9B1E}.Release|Any CPU.ActiveCfg = Release|Any CPU
		{DB5829BD-AA2E-4FA0-B5D3-30CA76CD9B1E}.Release|Any CPU.Build.0 = Release|Any CPU
		{72AD3ABE-B904-48AF-BD5D-C8171E096F71}.Debug|Any CPU.ActiveCfg = Debug|Any CPU
		{72AD3ABE-B904-48AF-BD5D-C8171E096F71}.Debug|Any CPU.Build.0 = Debug|Any CPU
		{72AD3ABE-B904-48AF-BD5D-C8171E096F71}.Release|Any CPU.ActiveCfg = Release|Any CPU
		{72AD3ABE-B904-48AF-BD5D-C8171E096F71}.Release|Any CPU.Build.0 = Release|Any CPU
		{3E116FA6-7431-44AF-8BEC-C7B355401C47}.Debug|Any CPU.ActiveCfg = Debug|Any CPU
		{3E116FA6-7431-44AF-8BEC-C7B355401C47}.Debug|Any CPU.Build.0 = Debug|Any CPU
		{3E116FA6-7431-44AF-8BEC-C7B355401C47}.Release|Any CPU.ActiveCfg = Release|Any CPU
		{3E116FA6-7431-44AF-8BEC-C7B355401C47}.Release|Any CPU.Build.0 = Release|Any CPU
		{F1C7B00F-37C7-4ACF-8E82-338531458FD5}.Debug|Any CPU.ActiveCfg = Debug|Any CPU
		{F1C7B00F-37C7-4ACF-8E82-338531458FD5}.Debug|Any CPU.Build.0 = Debug|Any CPU
		{F1C7B00F-37C7-4ACF-8E82-338531458FD5}.Release|Any CPU.ActiveCfg = Release|Any CPU
		{F1C7B00F-37C7-4ACF-8E82-338531458FD5}.Release|Any CPU.Build.0 = Release|Any CPU
		{7B80B757-4AE9-42A3-B7AA-0F79A607568B}.Debug|Any CPU.ActiveCfg = Debug|Any CPU
		{7B80B757-4AE9-42A3-B7AA-0F79A607568B}.Debug|Any CPU.Build.0 = Debug|Any CPU
		{7B80B757-4AE9-42A3-B7AA-0F79A607568B}.Release|Any CPU.ActiveCfg = Release|Any CPU
		{7B80B757-4AE9-42A3-B7AA-0F79A607568B}.Release|Any CPU.Build.0 = Release|Any CPU
		{3E3C13BF-9245-48BA-BA26-3DACB3C161D1}.Debug|Any CPU.ActiveCfg = Debug|Any CPU
		{3E3C13BF-9245-48BA-BA26-3DACB3C161D1}.Debug|Any CPU.Build.0 = Debug|Any CPU
		{3E3C13BF-9245-48BA-BA26-3DACB3C161D1}.Release|Any CPU.ActiveCfg = Release|Any CPU
		{3E3C13BF-9245-48BA-BA26-3DACB3C161D1}.Release|Any CPU.Build.0 = Release|Any CPU
		{6CD825AD-6A1A-4D36-9DB0-D78690295DBB}.Debug|Any CPU.ActiveCfg = Debug|Any CPU
		{6CD825AD-6A1A-4D36-9DB0-D78690295DBB}.Debug|Any CPU.Build.0 = Debug|Any CPU
		{6CD825AD-6A1A-4D36-9DB0-D78690295DBB}.Release|Any CPU.ActiveCfg = Release|Any CPU
		{6CD825AD-6A1A-4D36-9DB0-D78690295DBB}.Release|Any CPU.Build.0 = Release|Any CPU
		{387B6100-20B9-47C8-B46C-DFDBB0164941}.Debug|Any CPU.ActiveCfg = Debug|Any CPU
		{387B6100-20B9-47C8-B46C-DFDBB0164941}.Debug|Any CPU.Build.0 = Debug|Any CPU
		{387B6100-20B9-47C8-B46C-DFDBB0164941}.Release|Any CPU.ActiveCfg = Release|Any CPU
		{387B6100-20B9-47C8-B46C-DFDBB0164941}.Release|Any CPU.Build.0 = Release|Any CPU
	EndGlobalSection
	GlobalSection(SolutionProperties) = preSolution
		HideSolutionNode = FALSE
	EndGlobalSection
	GlobalSection(NestedProjects) = preSolution
		{9810220E-7844-4A0E-8516-1A9227301B88} = {02EA681E-C7D8-13C7-8484-4AC65E1B71E8}
		{35C26648-C89C-4D1B-943F-12E79AC29ED0} = {02EA681E-C7D8-13C7-8484-4AC65E1B71E8}
		{6A42218D-F659-4ED1-A8F5-0318879E33F9} = {02EA681E-C7D8-13C7-8484-4AC65E1B71E8}
		{E3137FAA-29F7-43C0-AAF8-65D73FCCE92A} = {02EA681E-C7D8-13C7-8484-4AC65E1B71E8}
		{DB5829BD-AA2E-4FA0-B5D3-30CA76CD9B1E} = {35C26648-C89C-4D1B-943F-12E79AC29ED0}
		{72AD3ABE-B904-48AF-BD5D-C8171E096F71} = {35C26648-C89C-4D1B-943F-12E79AC29ED0}
		{3E116FA6-7431-44AF-8BEC-C7B355401C47} = {6A42218D-F659-4ED1-A8F5-0318879E33F9}
		{F1C7B00F-37C7-4ACF-8E82-338531458FD5} = {9810220E-7844-4A0E-8516-1A9227301B88}
		{7B80B757-4AE9-42A3-B7AA-0F79A607568B} = {6A42218D-F659-4ED1-A8F5-0318879E33F9}
		{4A6FC3D7-669A-4B2F-8719-C3E169A6B6E3} = {02EA681E-C7D8-13C7-8484-4AC65E1B71E8}
		{3E3C13BF-9245-48BA-BA26-3DACB3C161D1} = {4A6FC3D7-669A-4B2F-8719-C3E169A6B6E3}
		{6CD825AD-6A1A-4D36-9DB0-D78690295DBB} = {6A42218D-F659-4ED1-A8F5-0318879E33F9}
		{387B6100-20B9-47C8-B46C-DFDBB0164941} = {6A42218D-F659-4ED1-A8F5-0318879E33F9}
	EndGlobalSection
	GlobalSection(ExtensibilityGlobals) = postSolution
		SolutionGuid = {D79C97C3-D0CB-44B8-BB6F-58FB3AAD44CF}
	EndGlobalSection
EndGlobal
